
Microsoft Visual Studio Solution File, Format Version 12.00
# Visual Studio Version 17
VisualStudioVersion = 17.3.32825.248
MinimumVisualStudioVersion = 10.0.40219.1
Project("{FAE04EC0-301F-11D3-BF4B-00C04F79EFBC}") = "App", "App\App.csproj", "{11672454-D47B-40AD-BD84-3AB12A21C6C2}"
EndProject
Project("{FAE04EC0-301F-11D3-BF4B-00C04F79EFBC}") = "ClassLibrary", "ClassLibrary\ClassLibrary.csproj", "{35B6F2CE-2F8A-4287-9EA8-1E321B96349D}"
EndProject
Project("{FAE04EC0-301F-11D3-BF4B-00C04F79EFBC}") = "Test.Unit", "Test.Unit\Test.Unit.csproj", "{E6B936E6-59FF-4CD7-987F-9C6D828D10DE}"
EndProject
Project("{FAE04EC0-301F-11D3-BF4B-00C04F79EFBC}") = "Test.Integration", "Test.Integration\Test.Integration.csproj", "{1E233618-159D-49E5-BFE2-A233D7851246}"
EndProject
Global
	GlobalSection(SolutionConfigurationPlatforms) = preSolution
		Debug|Any CPU = Debug|Any CPU
		Release|Any CPU = Release|Any CPU
	EndGlobalSection
	GlobalSection(ProjectConfigurationPlatforms) = postSolution
		{11672454-D47B-40AD-BD84-3AB12A21C6C2}.Debug|Any CPU.ActiveCfg = Debug|Any CPU
		{11672454-D47B-40AD-BD84-3AB12A21C6C2}.Debug|Any CPU.Build.0 = Debug|Any CPU
		{11672454-D47B-40AD-BD84-3AB12A21C6C2}.Release|Any CPU.ActiveCfg = Release|Any CPU
		{11672454-D47B-40AD-BD84-3AB12A21C6C2}.Release|Any CPU.Build.0 = Release|Any CPU
		{35B6F2CE-2F8A-4287-9EA8-1E321B96349D}.Debug|Any CPU.ActiveCfg = Debug|Any CPU
		{35B6F2CE-2F8A-4287-9EA8-1E321B96349D}.Debug|Any CPU.Build.0 = Debug|Any CPU
		{35B6F2CE-2F8A-4287-9EA8-1E321B96349D}.Release|Any CPU.ActiveCfg = Release|Any CPU
		{35B6F2CE-2F8A-4287-9EA8-1E321B96349D}.Release|Any CPU.Build.0 = Release|Any CPU
		{E6B936E6-59FF-4CD7-987F-9C6D828D10DE}.Debug|Any CPU.ActiveCfg = Debug|Any CPU
		{E6B936E6-59FF-4CD7-987F-9C6D828D10DE}.Debug|Any CPU.Build.0 = Debug|Any CPU
		{E6B936E6-59FF-4CD7-987F-9C6D828D10DE}.Release|Any CPU.ActiveCfg = Release|Any CPU
		{E6B936E6-59FF-4CD7-987F-9C6D828D10DE}.Release|Any CPU.Build.0 = Release|Any CPU
		{1E233618-159D-49E5-BFE2-A233D7851246}.Debug|Any CPU.ActiveCfg = Debug|Any CPU
		{1E233618-159D-49E5-BFE2-A233D7851246}.Debug|Any CPU.Build.0 = Debug|Any CPU
		{1E233618-159D-49E5-BFE2-A233D7851246}.Release|Any CPU.ActiveCfg = Release|Any CPU
		{1E233618-159D-49E5-BFE2-A233D7851246}.Release|Any CPU.Build.0 = Release|Any CPU
	EndGlobalSection
	GlobalSection(SolutionProperties) = preSolution
		HideSolutionNode = FALSE
	EndGlobalSection
	GlobalSection(ExtensibilityGlobals) = postSolution
		SolutionGuid = {4DC73B85-176A-4C3B-9C3C-38683C2383B4}
	EndGlobalSection
EndGlobal
